
Microsoft Visual Studio Solution File, Format Version 12.00
# Visual Studio Version 17
VisualStudioVersion = 17.7.34031.279
MinimumVisualStudioVersion = 10.0.40219.1
Project("{FAE04EC0-301F-11D3-BF4B-00C04F79EFBC}") = "EduMath", "EduMath\EduMath.csproj", "{7DEED59C-836D-442A-B642-9B99A712D5E5}"
EndProject
Global
	GlobalSection(SolutionConfigurationPlatforms) = preSolution
		Debug|Any CPU = Debug|Any CPU
		Release|Any CPU = Release|Any CPU
	EndGlobalSection
	GlobalSection(ProjectConfigurationPlatforms) = postSolution
		{7DEED59C-836D-442A-B642-9B99A712D5E5}.Debug|Any CPU.ActiveCfg = Debug|Any CPU
		{7DEED59C-836D-442A-B642-9B99A712D5E5}.Debug|Any CPU.Build.0 = Debug|Any CPU
		{7DEED59C-836D-442A-B642-9B99A712D5E5}.Release|Any CPU.ActiveCfg = Release|Any CPU
		{7DEED59C-836D-442A-B642-9B99A712D5E5}.Release|Any CPU.Build.0 = Release|Any CPU
	EndGlobalSection
	GlobalSection(SolutionProperties) = preSolution
		HideSolutionNode = FALSE
	EndGlobalSection
	GlobalSection(ExtensibilityGlobals) = postSolution
		SolutionGuid = {7B61A419-2295-430A-B659-F3C3E8C32991}
	EndGlobalSection
EndGlobal
